
Microsoft Visual Studio Solution File, Format Version 12.00
# Visual Studio Version 17
VisualStudioVersion = 17.7.34009.444
MinimumVisualStudioVersion = 10.0.40219.1
Project("{FAE04EC0-301F-11D3-BF4B-00C04F79EFBC}") = "WpfApp5Ларионова1", "WpfApp5Ларионова1.csproj", "{28DE36FA-84CC-41B1-8767-013B8D42EC52}"
EndProject
Global
	GlobalSection(SolutionConfigurationPlatforms) = preSolution
		Debug|Any CPU = Debug|Any CPU
		Release|Any CPU = Release|Any CPU
	EndGlobalSection
	GlobalSection(ProjectConfigurationPlatforms) = postSolution
		{28DE36FA-84CC-41B1-8767-013B8D42EC52}.Debug|Any CPU.ActiveCfg = Debug|Any CPU
		{28DE36FA-84CC-41B1-8767-013B8D42EC52}.Debug|Any CPU.Build.0 = Debug|Any CPU
		{28DE36FA-84CC-41B1-8767-013B8D42EC52}.Release|Any CPU.ActiveCfg = Release|Any CPU
		{28DE36FA-84CC-41B1-8767-013B8D42EC52}.Release|Any CPU.Build.0 = Release|Any CPU
	EndGlobalSection
	GlobalSection(SolutionProperties) = preSolution
		HideSolutionNode = FALSE
	EndGlobalSection
	GlobalSection(ExtensibilityGlobals) = postSolution
		SolutionGuid = {30673099-9624-4E37-9BE3-589F5D54C945}
	EndGlobalSection
EndGlobal
